# THIS IS AN AUTOGENERATED FILE. DO NOT EDIT THIS FILE DIRECTLY.
# yarn lockfile v1


"@types/downloadjs@^1.4.3":
  version "1.4.3"
  resolved "https://registry.yarnpkg.com/@types/downloadjs/-/downloadjs-1.4.3.tgz#01c0414a9756afa2bd438b1e2ec6c50de7df316d"
  integrity sha512-MjJepFle/tLtT2/jmDNth6ZnwWzEhm40L+olE5HKR70ISUCfgT55eqreeHldAzFLY2HDUGsn8zgyto8KygN0CA==

downloadjs@^1.4.7:
  version "1.4.7"
  resolved "https://registry.yarnpkg.com/downloadjs/-/downloadjs-1.4.7.tgz#f69f96f940e0d0553dac291139865a3cd0101e3c"
  integrity sha1-9p+W+UDg0FU9rCkROYZaPNAQHjw=

nanoid@^3.3.1:
  version "3.3.1"
  resolved "https://registry.yarnpkg.com/nanoid/-/nanoid-3.3.1.tgz#6347a18cac88af88f58af0b3594b723d5e99bb35"
  integrity sha512-n6Vs/3KGyxPQd6uO0eH4Bv0ojGSUvuLlIHtC3Y0kEO23YRge8H9x1GCzLn28YX0H66pMkxuaeESFq4tKISKwdw==

typescript@^4.5.5:
  version "4.5.5"
  resolved "https://registry.yarnpkg.com/typescript/-/typescript-4.5.5.tgz#d8c953832d28924a9e3d37c73d729c846c5896f3"
  integrity sha512-TCTIul70LyWe6IJWT8QSYeA54WQe8EjQFU4wY52Fasj5UKx88LNYKCgBEHcOMOrFF1rKGbD8v/xcNWVUq9SymA==

webm-writer@^1.0.0:
  version "1.0.0"
  resolved "https://registry.yarnpkg.com/webm-writer/-/webm-writer-1.0.0.tgz#78367e435dddf9bed633dd98c7ca9b36438d9943"
  integrity sha512-xafP4mzUqht03HBXP0Ov2YGsxfD08uncad9fQeshYwQXrcP6Z/4uxd1IUaGKqKigFPAgaD9xb6JEKA8SXLQMLA==
